
Microsoft Visual Studio Solution File, Format Version 12.00
# Visual Studio Version 17
VisualStudioVersion = 17.7.34202.233
MinimumVisualStudioVersion = 10.0.40219.1
Project("{FAE04EC0-301F-11D3-BF4B-00C04F79EFBC}") = "UnbendSheetMetal", "UnbendSheetMetal.csproj", "{92AB0597-E404-4139-9E47-BBD9D8404131}"
EndProject
Global
	GlobalSection(SolutionConfigurationPlatforms) = preSolution
		Debug|Any CPU = Debug|Any CPU
		Release|Any CPU = Release|Any CPU
	EndGlobalSection
	GlobalSection(ProjectConfigurationPlatforms) = postSolution
		{92AB0597-E404-4139-9E47-BBD9D8404131}.Debug|Any CPU.ActiveCfg = Debug|Any CPU
		{92AB0597-E404-4139-9E47-BBD9D8404131}.Debug|Any CPU.Build.0 = Debug|Any CPU
		{92AB0597-E404-4139-9E47-BBD9D8404131}.Release|Any CPU.ActiveCfg = Release|Any CPU
		{92AB0597-E404-4139-9E47-BBD9D8404131}.Release|Any CPU.Build.0 = Release|Any CPU
	EndGlobalSection
	GlobalSection(SolutionProperties) = preSolution
		HideSolutionNode = FALSE
	EndGlobalSection
	GlobalSection(ExtensibilityGlobals) = postSolution
		SolutionGuid = {2D3DF17A-64C4-4997-BA86-449E631FDB86}
	EndGlobalSection
EndGlobal
